
Microsoft Visual Studio Solution File, Format Version 12.00
# Visual Studio Version 17
VisualStudioVersion = 17.10.35122.118
MinimumVisualStudioVersion = 10.0.40219.1
Project("{FAE04EC0-301F-11D3-BF4B-00C04F79EFBC}") = "VueASP.NETCoreJavaScript.Server", "VueASP.NETCoreJavaScript.Server\VueASP.NETCoreJavaScript.Server.csproj", "{96DE9963-BBEE-4B9E-A9EB-C89A9976F408}"
EndProject
Project("{54A90642-561A-4BB1-A94E-469ADEE60C69}") = "vueasp.netcorejavascript.client", "vueasp.netcorejavascript.client\vueasp.netcorejavascript.client.esproj", "{A88B5496-ADDF-4AA0-9422-063D1603369D}"
EndProject
Global
	GlobalSection(SolutionConfigurationPlatforms) = preSolution
		Debug|Any CPU = Debug|Any CPU
		Release|Any CPU = Release|Any CPU
	EndGlobalSection
	GlobalSection(ProjectConfigurationPlatforms) = postSolution
		{96DE9963-BBEE-4B9E-A9EB-C89A9976F408}.Debug|Any CPU.ActiveCfg = Debug|Any CPU
		{96DE9963-BBEE-4B9E-A9EB-C89A9976F408}.Debug|Any CPU.Build.0 = Debug|Any CPU
		{96DE9963-BBEE-4B9E-A9EB-C89A9976F408}.Release|Any CPU.ActiveCfg = Release|Any CPU
		{96DE9963-BBEE-4B9E-A9EB-C89A9976F408}.Release|Any CPU.Build.0 = Release|Any CPU
		{A88B5496-ADDF-4AA0-9422-063D1603369D}.Debug|Any CPU.ActiveCfg = Debug|Any CPU
		{A88B5496-ADDF-4AA0-9422-063D1603369D}.Debug|Any CPU.Build.0 = Debug|Any CPU
		{A88B5496-ADDF-4AA0-9422-063D1603369D}.Debug|Any CPU.Deploy.0 = Debug|Any CPU
		{A88B5496-ADDF-4AA0-9422-063D1603369D}.Release|Any CPU.ActiveCfg = Release|Any CPU
		{A88B5496-ADDF-4AA0-9422-063D1603369D}.Release|Any CPU.Build.0 = Release|Any CPU
		{A88B5496-ADDF-4AA0-9422-063D1603369D}.Release|Any CPU.Deploy.0 = Release|Any CPU
	EndGlobalSection
	GlobalSection(SolutionProperties) = preSolution
		HideSolutionNode = FALSE
	EndGlobalSection
	GlobalSection(ExtensibilityGlobals) = postSolution
		SolutionGuid = {46BB2D61-A67A-47A2-8C22-7FEA8CD72CC7}
	EndGlobalSection
EndGlobal
